// !$*UTF8*$!
{
	archiveVersion = 1;
	classes = {
	};
	objectVersion = 50;
	objects = {

/* Begin PBXBuildFile section */
		D95E28B522943BB1004ADE29 /* AppDelegate.swift in Sources */ = {isa = PBXBuildFile; fileRef = D95E28B422943BB1004ADE29 /* AppDelegate.swift */; };
		D95E28B722943BB1004ADE29 /* ViewController.swift in Sources */ = {isa = PBXBuildFile; fileRef = D95E28B622943BB1004ADE29 /* ViewController.swift */; };
		D95E28BA22943BB1004ADE29 /* Main.storyboard in Resources */ = {isa = PBXBuildFile; fileRef = D95E28B822943BB1004ADE29 /* Main.storyboard */; };
		D95E28BC22943BB5004ADE29 /* Assets.xcassets in Resources */ = {isa = PBXBuildFile; fileRef = D95E28BB22943BB5004ADE29 /* Assets.xcassets */; };
		D95E28BF22943BB5004ADE29 /* LaunchScreen.storyboard in Resources */ = {isa = PBXBuildFile; fileRef = D95E28BD22943BB5004ADE29 /* LaunchScreen.storyboard */; };
		D95E28CA22943BB5004ADE29 /* emojinalTests.swift in Sources */ = {isa = PBXBuildFile; fileRef = D95E28C922943BB5004ADE29 /* emojinalTests.swift */; };
/* End PBXBuildFile section */

/* Begin PBXContainerItemProxy section */
		D95E28C622943BB5004ADE29 /* PBXContainerItemProxy */ = {
			isa = PBXContainerItemProxy;
			containerPortal = D95E28A922943BB1004ADE29 /* Project object */;
			proxyType = 1;
			remoteGlobalIDString = D95E28B022943BB1004ADE29;
			remoteInfo = emojinal;
		};
/* End PBXContainerItemProxy section */

/* Begin PBXFileReference section */
		D95E28B122943BB1004ADE29 /* emojinal.app */ = {isa = PBXFileReference; explicitFileType = wrapper.application; includeInIndex = 0; path = emojinal.app; sourceTree = BUILT_PRODUCTS_DIR; };
		D95E28B422943BB1004ADE29 /* AppDelegate.swift */ = {isa = PBXFileReference; lastKnownFileType = sourcecode.swift; path = AppDelegate.swift; sourceTree = "<group>"; };
		D95E28B622943BB1004ADE29 /* ViewController.swift */ = {isa = PBXFileReference; lastKnownFileType = sourcecode.swift; path = ViewController.swift; sourceTree = "<group>"; };
		D95E28B922943BB1004ADE29 /* Base */ = {isa = PBXFileReference; lastKnownFileType = file.storyboard; name = Base; path = Base.lproj/Main.storyboard; sourceTree = "<group>"; };
		D95E28BB22943BB5004ADE29 /* Assets.xcassets */ = {isa = PBXFileReference; lastKnownFileType = folder.assetcatalog; path = Assets.xcassets; sourceTree = "<group>"; };
		D95E28BE22943BB5004ADE29 /* Base */ = {isa = PBXFileReference; lastKnownFileType = file.storyboard; name = Base; path = Base.lproj/LaunchScreen.storyboard; sourceTree = "<group>"; };
		D95E28C022943BB5004ADE29 /* Info.plist */ = {isa = PBXFileReference; lastKnownFileType = text.plist.xml; path = Info.plist; sourceTree = "<group>"; };
		D95E28C522943BB5004ADE29 /* emojinalTests.xctest */ = {isa = PBXFileReference; explicitFileType = wrapper.cfbundle; includeInIndex = 0; path = emojinalTests.xctest; sourceTree = BUILT_PRODUCTS_DIR; };
		D95E28C922943BB5004ADE29 /* emojinalTests.swift */ = {isa = PBXFileReference; lastKnownFileType = sourcecode.swift; path = emojinalTests.swift; sourceTree = "<group>"; };
		D95E28CB22943BB5004ADE29 /* Info.plist */ = {isa = PBXFileReference; lastKnownFileType = text.plist.xml; path = Info.plist; sourceTree = "<group>"; };
/* End PBXFileReference section */

/* Begin PBXFrameworksBuildPhase section */
		D95E28AE22943BB1004ADE29 /* Frameworks */ = {
			isa = PBXFrameworksBuildPhase;
			buildActionMask = 2147483647;
			files = (
			);
			runOnlyForDeploymentPostprocessing = 0;
		};
		D95E28C222943BB5004ADE29 /* Frameworks */ = {
			isa = PBXFrameworksBuildPhase;
			buildActionMask = 2147483647;
			files = (
			);
			runOnlyForDeploymentPostprocessing = 0;
		};
/* End PBXFrameworksBuildPhase section */

/* Begin PBXGroup section */
		D95E28A822943BB1004ADE29 = {
			isa = PBXGroup;
			children = (
				D95E28B322943BB1004ADE29 /* emojinal */,
				D95E28C822943BB5004ADE29 /* emojinalTests */,
				D95E28B222943BB1004ADE29 /* Products */,
			);
			sourceTree = "<group>";
		};
		D95E28B222943BB1004ADE29 /* Products */ = {
			isa = PBXGroup;
			children = (
				D95E28B122943BB1004ADE29 /* emojinal.app */,
				D95E28C522943BB5004ADE29 /* emojinalTests.xctest */,
			);
			name = Products;
			sourceTree = "<group>";
		};
		D95E28B322943BB1004ADE29 /* emojinal */ = {
			isa = PBXGroup;
			children = (
				D95E28B422943BB1004ADE29 /* AppDelegate.swift */,
				D95E28B622943BB1004ADE29 /* ViewController.swift */,
				D95E28B822943BB1004ADE29 /* Main.storyboard */,
				D95E28BB22943BB5004ADE29 /* Assets.xcassets */,
				D95E28BD22943BB5004ADE29 /* LaunchScreen.storyboard */,
				D95E28C022943BB5004ADE29 /* Info.plist */,
			);
			path = emojinal;
			sourceTree = "<group>";
		};
		D95E28C822943BB5004ADE29 /* emojinalTests */ = {
			isa = PBXGroup;
			children = (
				D95E28C922943BB5004ADE29 /* emojinalTests.swift */,
				D95E28CB22943BB5004ADE29 /* Info.plist */,
			);
			path = emojinalTests;
			sourceTree = "<group>";
		};
/* End PBXGroup section */

/* Begin PBXNativeTarget section */
		D95E28B022943BB1004ADE29 /* emojinal */ = {
			isa = PBXNativeTarget;
			buildConfigurationList = D95E28CE22943BB5004ADE29 /* Build configuration list for PBXNativeTarget "emojinal" */;
			buildPhases = (
				D95E28AD22943BB1004ADE29 /* Sources */,
				D95E28AE22943BB1004ADE29 /* Frameworks */,
				D95E28AF22943BB1004ADE29 /* Resources */,
			);
			buildRules = (
			);
			dependencies = (
			);
			name = emojinal;
			productName = emojinal;
			productReference = D95E28B122943BB1004ADE29 /* emojinal.app */;
			productType = "com.apple.product-type.application";
		};
		D95E28C422943BB5004ADE29 /* emojinalTests */ = {
			isa = PBXNativeTarget;
			buildConfigurationList = D95E28D122943BB5004ADE29 /* Build configuration list for PBXNativeTarget "emojinalTests" */;
			buildPhases = (
				D95E28C122943BB5004ADE29 /* Sources */,
				D95E28C222943BB5004ADE29 /* Frameworks */,
				D95E28C322943BB5004ADE29 /* Resources */,
			);
			buildRules = (
			);
			dependencies = (
				D95E28C722943BB5004ADE29 /* PBXTargetDependency */,
			);
			name = emojinalTests;
			productName = emojinalTests;
			productReference = D95E28C522943BB5004ADE29 /* emojinalTests.xctest */;
			productType = "com.apple.product-type.bundle.unit-test";
		};
/* End PBXNativeTarget section */

/* Begin PBXProject section */
		D95E28A922943BB1004ADE29 /* Project object */ = {
			isa = PBXProject;
			attributes = {
				LastSwiftUpdateCheck = 1020;
				LastUpgradeCheck = 1020;
				ORGANIZATIONNAME = "Sofia Ongele";
				TargetAttributes = {
					D95E28B022943BB1004ADE29 = {
						CreatedOnToolsVersion = 10.2.1;
					};
					D95E28C422943BB5004ADE29 = {
						CreatedOnToolsVersion = 10.2.1;
						TestTargetID = D95E28B022943BB1004ADE29;
					};
				};
			};
			buildConfigurationList = D95E28AC22943BB1004ADE29 /* Build configuration list for PBXProject "emojinal" */;
			compatibilityVersion = "Xcode 9.3";
			developmentRegion = en;
			hasScannedForEncodings = 0;
			knownRegions = (
				en,
				Base,
			);
			mainGroup = D95E28A822943BB1004ADE29;
			productRefGroup = D95E28B222943BB1004ADE29 /* Products */;
			projectDirPath = "";
			projectRoot = "";
			targets = (
				D95E28B022943BB1004ADE29 /* emojinal */,
				D95E28C422943BB5004ADE29 /* emojinalTests */,
			);
		};
/* End PBXProject section */

/* Begin PBXResourcesBuildPhase section */
		D95E28AF22943BB1004ADE29 /* Resources */ = {
			isa = PBXResourcesBuildPhase;
			buildActionMask = 2147483647;
			files = (
				D95E28BF22943BB5004ADE29 /* LaunchScreen.storyboard in Resources */,
				D95E28BC22943BB5004ADE29 /* Assets.xcassets in Resources */,
				D95E28BA22943BB1004ADE29 /* Main.storyboard in Resources */,
			);
			runOnlyForDeploymentPostprocessing = 0;
		};
		D95E28C322943BB5004ADE29 /* Resources */ = {
			isa = PBXResourcesBuildPhase;
			buildActionMask = 2147483647;
			files = (
			);
			runOnlyForDeploymentPostprocessing = 0;
		};
/* End PBXResourcesBuildPhase section */

/* Begin PBXSourcesBuildPhase section */
		D95E28AD22943BB1004ADE29 /* Sources */ = {
			isa = PBXSourcesBuildPhase;
			buildActionMask = 2147483647;
			files = (
				D95E28B722943BB1004ADE29 /* ViewController.swift in Sources */,
				D95E28B522943BB1004ADE29 /* AppDelegate.swift in Sources */,
			);
			runOnlyForDeploymentPostprocessing = 0;
		};
		D95E28C122943BB5004ADE29 /* Sources */ = {
			isa = PBXSourcesBuildPhase;
			buildActionMask = 2147483647;
			files = (
				D95E28CA22943BB5004ADE29 /* emojinalTests.swift in Sources */,
			);
			runOnlyForDeploymentPostprocessing = 0;
		};
/* End PBXSourcesBuildPhase section */

/* Begin PBXTargetDependency section */
		D95E28C722943BB5004ADE29 /* PBXTargetDependency */ = {
			isa = PBXTargetDependency;
			target = D95E28B022943BB1004ADE29 /* emojinal */;
			targetProxy = D95E28C622943BB5004ADE29 /* PBXContainerItemProxy */;
		};
/* End PBXTargetDependency section */

/* Begin PBXVariantGroup section */
		D95E28B822943BB1004ADE29 /* Main.storyboard */ = {
			isa = PBXVariantGroup;
			children = (
				D95E28B922943BB1004ADE29 /* Base */,
			);
			name = Main.storyboard;
			sourceTree = "<group>";
		};
		D95E28BD22943BB5004ADE29 /* LaunchScreen.storyboard */ = {
			isa = PBXVariantGroup;
			children = (
				D95E28BE22943BB5004ADE29 /* Base */,
			);
			name = LaunchScreen.storyboard;
			sourceTree = "<group>";
		};
/* End PBXVariantGroup section */

/* Begin XCBuildConfiguration section */
		D95E28CC22943BB5004ADE29 /* Debug */ = {
			isa = XCBuildConfiguration;
			buildSettings = {
				ALWAYS_SEARCH_USER_PATHS = NO;
				CLANG_ANALYZER_NONNULL = YES;
				CLANG_ANALYZER_NUMBER_OBJECT_CONVERSION = YES_AGGRESSIVE;
				CLANG_CXX_LANGUAGE_STANDARD = "gnu++14";
				CLANG_CXX_LIBRARY = "libc++";
				CLANG_ENABLE_MODULES = YES;
				CLANG_ENABLE_OBJC_ARC = YES;
				CLANG_ENABLE_OBJC_WEAK = YES;
				CLANG_WARN_BLOCK_CAPTURE_AUTORELEASING = YES;
				CLANG_WARN_BOOL_CONVERSION = YES;
				CLANG_WARN_COMMA = YES;
				CLANG_WARN_CONSTANT_CONVERSION = YES;
				CLANG_WARN_DEPRECATED_OBJC_IMPLEMENTATIONS = YES;
				CLANG_WARN_DIRECT_OBJC_ISA_USAGE = YES_ERROR;
				CLANG_WARN_DOCUMENTATION_COMMENTS = YES;
				CLANG_WARN_EMPTY_BODY = YES;
				CLANG_WARN_ENUM_CONVERSION = YES;
				CLANG_WARN_INFINITE_RECURSION = YES;
				CLANG_WARN_INT_CONVERSION = YES;
				CLANG_WARN_NON_LITERAL_NULL_CONVERSION = YES;
				CLANG_WARN_OBJC_IMPLICIT_RETAIN_SELF = YES;
				CLANG_WARN_OBJC_LITERAL_CONVERSION = YES;
				CLANG_WARN_OBJC_ROOT_CLASS = YES_ERROR;
				CLANG_WARN_RANGE_LOOP_ANALYSIS = YES;
				CLANG_WARN_STRICT_PROTOTYPES = YES;
				CLANG_WARN_SUSPICIOUS_MOVE = YES;
				CLANG_WARN_UNGUARDED_AVAILABILITY = YES_AGGRESSIVE;
				CLANG_WARN_UNREACHABLE_CODE = YES;
				CLANG_WARN__DUPLICATE_METHOD_MATCH = YES;
				CODE_SIGN_IDENTITY = "iPhone Developer";
				COPY_PHASE_STRIP = NO;
				DEBUG_INFORMATION_FORMAT = dwarf;
				ENABLE_STRICT_OBJC_MSGSEND = YES;
				ENABLE_TESTABILITY = YES;
				GCC_C_LANGUAGE_STANDARD = gnu11;
				GCC_DYNAMIC_NO_PIC = NO;
				GCC_NO_COMMON_BLOCKS = YES;
				GCC_OPTIMIZATION_LEVEL = 0;
				GCC_PREPROCESSOR_DEFINITIONS = (
					"DEBUG=1",
					"$(inherited)",
				);
				GCC_WARN_64_TO_32_BIT_CONVERSION = YES;
				GCC_WARN_ABOUT_RETURN_TYPE = YES_ERROR;
				GCC_WARN_UNDECLARED_SELECTOR = YES;
				GCC_WARN_UNINITIALIZED_AUTOS = YES_AGGRESSIVE;
				GCC_WARN_UNUSED_FUNCTION = YES;
				GCC_WARN_UNUSED_VARIABLE = YES;
				IPHONEOS_DEPLOYMENT_TARGET = 12.2;
				MTL_ENABLE_DEBUG_INFO = INCLUDE_SOURCE;
				MTL_FAST_MATH = YES;
				ONLY_ACTIVE_ARCH = YES;
				SDKROOT = iphoneos;
				SWIFT_ACTIVE_COMPILATION_CONDITIONS = DEBUG;
				SWIFT_OPTIMIZATION_LEVEL = "-Onone";
			};
			name = Debug;
		};
		D95E28CD22943BB5004ADE29 /* Release */ = {
			isa = XCBuildConfiguration;
			buildSettings = {
				ALWAYS_SEARCH_USER_PATHS = NO;
				CLANG_ANALYZER_NONNULL = YES;
				CLANG_ANALYZER_NUMBER_OBJECT_CONVERSION = YES_AGGRESSIVE;
				CLANG_CXX_LANGUAGE_STANDARD = "gnu++14";
				CLANG_CXX_LIBRARY = "libc++";
				CLANG_ENABLE_MODULES = YES;
				CLANG_ENABLE_OBJC_ARC = YES;
				CLANG_ENABLE_OBJC_WEAK = YES;
				CLANG_WARN_BLOCK_CAPTURE_AUTORELEASING = YES;
				CLANG_WARN_BOOL_CONVERSION = YES;
				CLANG_WARN_COMMA = YES;
				CLANG_WARN_CONSTANT_CONVERSION = YES;
				CLANG_WARN_DEPRECATED_OBJC_IMPLEMENTATIONS = YES;
				CLANG_WARN_DIRECT_OBJC_ISA_USAGE = YES_ERROR;
				CLANG_WARN_DOCUMENTATION_COMMENTS = YES;
				CLANG_WARN_EMPTY_BODY = YES;
				CLANG_WARN_ENUM_CONVERSION = YES;
				CLANG_WARN_INFINITE_RECURSION = YES;
				CLANG_WARN_INT_CONVERSION = YES;
				CLANG_WARN_NON_LITERAL_NULL_CONVERSION = YES;
				CLANG_WARN_OBJC_IMPLICIT_RETAIN_SELF = YES;
				CLANG_WARN_OBJC_LITERAL_CONVERSION = YES;
				CLANG_WARN_OBJC_ROOT_CLASS = YES_ERROR;
				CLANG_WARN_RANGE_LOOP_ANALYSIS = YES;
				CLANG_WARN_STRICT_PROTOTYPES = YES;
				CLANG_WARN_SUSPICIOUS_MOVE = YES;
				CLANG_WARN_UNGUARDED_AVAILABILITY = YES_AGGRESSIVE;
				CLANG_WARN_UNREACHABLE_CODE = YES;
				CLANG_WARN__DUPLICATE_METHOD_MATCH = YES;
				CODE_SIGN_IDENTITY = "iPhone Developer";
				COPY_PHASE_STRIP = NO;
				DEBUG_INFORMATION_FORMAT = "dwarf-with-dsym";
				ENABLE_NS_ASSERTIONS = NO;
				ENABLE_STRICT_OBJC_MSGSEND = YES;
				GCC_C_LANGUAGE_STANDARD = gnu11;
				GCC_NO_COMMON_BLOCKS = YES;
				GCC_WARN_64_TO_32_BIT_CONVERSION = YES;
				GCC_WARN_ABOUT_RETURN_TYPE = YES_ERROR;
				GCC_WARN_UNDECLARED_SELECTOR = YES;
				GCC_WARN_UNINITIALIZED_AUTOS = YES_AGGRESSIVE;
				GCC_WARN_UNUSED_FUNCTION = YES;
				GCC_WARN_UNUSED_VARIABLE = YES;
				IPHONEOS_DEPLOYMENT_TARGET = 12.2;
				MTL_ENABLE_DEBUG_INFO = NO;
				MTL_FAST_MATH = YES;
				SDKROOT = iphoneos;
				SWIFT_COMPILATION_MODE = wholemodule;
				SWIFT_OPTIMIZATION_LEVEL = "-O";
				VALIDATE_PRODUCT = YES;
			};
			name = Release;
		};
		D95E28CF22943BB5004ADE29 /* Debug */ = {
			isa = XCBuildConfiguration;
			buildSettings = {
				ASSETCATALOG_COMPILER_APPICON_NAME = AppIcon;
				CODE_SIGN_STYLE = Automatic;
				DEVELOPMENT_TEAM = EXMP2B6Y8J;
				INFOPLIST_FILE = emojinal/Info.plist;
				LD_RUNPATH_SEARCH_PATHS = (
					"$(inherited)",
					"@executable_path/Frameworks",
				);
				PRODUCT_BUNDLE_IDENTIFIER = "com.Sofia-Ongele.emojinal";
				PRODUCT_NAME = "$(TARGET_NAME)";
				SWIFT_VERSION = 5.0;
				TARGETED_DEVICE_FAMILY = "1,2";
			};
			name = Debug;
		};
		D95E28D022943BB5004ADE29 /* Release */ = {
			isa = XCBuildConfiguration;
			buildSettings = {
				ASSETCATALOG_COMPILER_APPICON_NAME = AppIcon;
				CODE_SIGN_STYLE = Automatic;
				DEVELOPMENT_TEAM = EXMP2B6Y8J;
				INFOPLIST_FILE = emojinal/Info.plist;
				LD_RUNPATH_SEARCH_PATHS = (
					"$(inherited)",
					"@executable_path/Frameworks",
				);
				PRODUCT_BUNDLE_IDENTIFIER = "com.Sofia-Ongele.emojinal";
				PRODUCT_NAME = "$(TARGET_NAME)";
				SWIFT_VERSION = 5.0;
				TARGETED_DEVICE_FAMILY = "1,2";
			};
			name = Release;
		};
		D95E28D222943BB5004ADE29 /* Debug */ = {
			isa = XCBuildConfiguration;
			buildSettings = {
				ALWAYS_EMBED_SWIFT_STANDARD_LIBRARIES = YES;
				BUNDLE_LOADER = "$(TEST_HOST)";
				CODE_SIGN_STYLE = Automatic;
				DEVELOPMENT_TEAM = EXMP2B6Y8J;
				INFOPLIST_FILE = emojinalTests/Info.plist;
				LD_RUNPATH_SEARCH_PATHS = (
					"$(inherited)",
					"@executable_path/Frameworks",
					"@loader_path/Frameworks",
				);
				PRODUCT_BUNDLE_IDENTIFIER = "com.Sofia-Ongele.emojinalTests";
				PRODUCT_NAME = "$(TARGET_NAME)";
				SWIFT_VERSION = 5.0;
				TARGETED_DEVICE_FAMILY = "1,2";
				TEST_HOST = "$(BUILT_PRODUCTS_DIR)/emojinal.app/emojinal";
			};
			name = Debug;
		};
		D95E28D322943BB5004ADE29 /* Release */ = {
			isa = XCBuildConfiguration;
			buildSettings = {
				ALWAYS_EMBED_SWIFT_STANDARD_LIBRARIES = YES;
				BUNDLE_LOADER = "$(TEST_HOST)";
				CODE_SIGN_STYLE = Automatic;
				DEVELOPMENT_TEAM = EXMP2B6Y8J;
				INFOPLIST_FILE = emojinalTests/Info.plist;
				LD_RUNPATH_SEARCH_PATHS = (
					"$(inherited)",
					"@executable_path/Frameworks",
					"@loader_path/Frameworks",
				);
				PRODUCT_BUNDLE_IDENTIFIER = "com.Sofia-Ongele.emojinalTests";
				PRODUCT_NAME = "$(TARGET_NAME)";
				SWIFT_VERSION = 5.0;
				TARGETED_DEVICE_FAMILY = "1,2";
				TEST_HOST = "$(BUILT_PRODUCTS_DIR)/emojinal.app/emojinal";
			};
			name = Release;
		};
/* End XCBuildConfiguration section */

/* Begin XCConfigurationList section */
		D95E28AC22943BB1004ADE29 /* Build configuration list for PBXProject "emojinal" */ = {
			isa = XCConfigurationList;
			buildConfigurations = (
				D95E28CC22943BB5004ADE29 /* Debug */,
				D95E28CD22943BB5004ADE29 /* Release */,
			);
			defaultConfigurationIsVisible = 0;
			defaultConfigurationName = Release;
		};
		D95E28CE22943BB5004ADE29 /* Build configuration list for PBXNativeTarget "emojinal" */ = {
			isa = XCConfigurationList;
			buildConfigurations = (
				D95E28CF22943BB5004ADE29 /* Debug */,
				D95E28D022943BB5004ADE29 /* Release */,
			);
			defaultConfigurationIsVisible = 0;
			defaultConfigurationName = Release;
		};
		D95E28D122943BB5004ADE29 /* Build configuration list for PBXNativeTarget "emojinalTests" */ = {
			isa = XCConfigurationList;
			buildConfigurations = (
				D95E28D222943BB5004ADE29 /* Debug */,
				D95E28D322943BB5004ADE29 /* Release */,
			);
			defaultConfigurationIsVisible = 0;
			defaultConfigurationName = Release;
		};
/* End XCConfigurationList section */
	};
	rootObject = D95E28A922943BB1004ADE29 /* Project object */;
}
